
Microsoft Visual Studio Solution File, Format Version 12.00
# Visual Studio Version 17
VisualStudioVersion = 17.0.31903.59
MinimumVisualStudioVersion = 10.0.40219.1
Project("{2150E333-8FDC-42A3-9474-1A3956D46DE8}") = "src", "src", "{53EC25B7-0465-4780-8705-D8174CDAB583}"
EndProject
Project("{FAE04EC0-301F-11D3-BF4B-00C04F79EFBC}") = "AuctionService", "src\AuctionService\AuctionService.csproj", "{41F70A29-9AEA-464D-9F91-D75843971D60}"
EndProject
Project("{FAE04EC0-301F-11D3-BF4B-00C04F79EFBC}") = "SearchService", "src\SearchService\SearchService.csproj", "{B3818CA3-F106-4C33-AAAA-8DE8EA8BFC7F}"
EndProject
Project("{FAE04EC0-301F-11D3-BF4B-00C04F79EFBC}") = "Contracts", "src\Contracts\Contracts.csproj", "{013C1447-FAA2-4C24-B4BD-D1C697EC9F07}"
EndProject
Project("{FAE04EC0-301F-11D3-BF4B-00C04F79EFBC}") = "IdentityService", "src\IdentityService\IdentityService.csproj", "{4CEAB33D-ABBE-4AC5-B3BC-AB0748915744}"
EndProject
Project("{FAE04EC0-301F-11D3-BF4B-00C04F79EFBC}") = "GatewayService", "src\GatewayService\GatewayService.csproj", "{D919EB81-327B-4A2B-8706-DA23FD8FC7C6}"
EndProject
Project("{FAE04EC0-301F-11D3-BF4B-00C04F79EFBC}") = "BiddingService", "src\BiddingService\BiddingService.csproj", "{DC39CF60-76A8-4EE4-82BB-BF293A8BA06B}"
EndProject
Project("{FAE04EC0-301F-11D3-BF4B-00C04F79EFBC}") = "NotificationService", "src\NotificationService\NotificationService.csproj", "{FCAE89DC-06A6-4E56-871E-5931DBF81405}"
EndProject
Global
	GlobalSection(SolutionConfigurationPlatforms) = preSolution
		Debug|Any CPU = Debug|Any CPU
		Release|Any CPU = Release|Any CPU
	EndGlobalSection
	GlobalSection(SolutionProperties) = preSolution
		HideSolutionNode = FALSE
	EndGlobalSection
	GlobalSection(ProjectConfigurationPlatforms) = postSolution
		{41F70A29-9AEA-464D-9F91-D75843971D60}.Debug|Any CPU.ActiveCfg = Debug|Any CPU
		{41F70A29-9AEA-464D-9F91-D75843971D60}.Debug|Any CPU.Build.0 = Debug|Any CPU
		{41F70A29-9AEA-464D-9F91-D75843971D60}.Release|Any CPU.ActiveCfg = Release|Any CPU
		{41F70A29-9AEA-464D-9F91-D75843971D60}.Release|Any CPU.Build.0 = Release|Any CPU
		{B3818CA3-F106-4C33-AAAA-8DE8EA8BFC7F}.Debug|Any CPU.ActiveCfg = Debug|Any CPU
		{B3818CA3-F106-4C33-AAAA-8DE8EA8BFC7F}.Debug|Any CPU.Build.0 = Debug|Any CPU
		{B3818CA3-F106-4C33-AAAA-8DE8EA8BFC7F}.Release|Any CPU.ActiveCfg = Release|Any CPU
		{B3818CA3-F106-4C33-AAAA-8DE8EA8BFC7F}.Release|Any CPU.Build.0 = Release|Any CPU
		{013C1447-FAA2-4C24-B4BD-D1C697EC9F07}.Debug|Any CPU.ActiveCfg = Debug|Any CPU
		{013C1447-FAA2-4C24-B4BD-D1C697EC9F07}.Debug|Any CPU.Build.0 = Debug|Any CPU
		{013C1447-FAA2-4C24-B4BD-D1C697EC9F07}.Release|Any CPU.ActiveCfg = Release|Any CPU
		{013C1447-FAA2-4C24-B4BD-D1C697EC9F07}.Release|Any CPU.Build.0 = Release|Any CPU
		{4CEAB33D-ABBE-4AC5-B3BC-AB0748915744}.Debug|Any CPU.ActiveCfg = Debug|Any CPU
		{4CEAB33D-ABBE-4AC5-B3BC-AB0748915744}.Debug|Any CPU.Build.0 = Debug|Any CPU
		{4CEAB33D-ABBE-4AC5-B3BC-AB0748915744}.Release|Any CPU.ActiveCfg = Release|Any CPU
		{4CEAB33D-ABBE-4AC5-B3BC-AB0748915744}.Release|Any CPU.Build.0 = Release|Any CPU
		{D919EB81-327B-4A2B-8706-DA23FD8FC7C6}.Debug|Any CPU.ActiveCfg = Debug|Any CPU
		{D919EB81-327B-4A2B-8706-DA23FD8FC7C6}.Debug|Any CPU.Build.0 = Debug|Any CPU
		{D919EB81-327B-4A2B-8706-DA23FD8FC7C6}.Release|Any CPU.ActiveCfg = Release|Any CPU
		{D919EB81-327B-4A2B-8706-DA23FD8FC7C6}.Release|Any CPU.Build.0 = Release|Any CPU
		{DC39CF60-76A8-4EE4-82BB-BF293A8BA06B}.Debug|Any CPU.ActiveCfg = Debug|Any CPU
		{DC39CF60-76A8-4EE4-82BB-BF293A8BA06B}.Debug|Any CPU.Build.0 = Debug|Any CPU
		{DC39CF60-76A8-4EE4-82BB-BF293A8BA06B}.Release|Any CPU.ActiveCfg = Release|Any CPU
		{DC39CF60-76A8-4EE4-82BB-BF293A8BA06B}.Release|Any CPU.Build.0 = Release|Any CPU
		{FCAE89DC-06A6-4E56-871E-5931DBF81405}.Debug|Any CPU.ActiveCfg = Debug|Any CPU
		{FCAE89DC-06A6-4E56-871E-5931DBF81405}.Debug|Any CPU.Build.0 = Debug|Any CPU
		{FCAE89DC-06A6-4E56-871E-5931DBF81405}.Release|Any CPU.ActiveCfg = Release|Any CPU
		{FCAE89DC-06A6-4E56-871E-5931DBF81405}.Release|Any CPU.Build.0 = Release|Any CPU
	EndGlobalSection
	GlobalSection(NestedProjects) = preSolution
		{41F70A29-9AEA-464D-9F91-D75843971D60} = {53EC25B7-0465-4780-8705-D8174CDAB583}
		{B3818CA3-F106-4C33-AAAA-8DE8EA8BFC7F} = {53EC25B7-0465-4780-8705-D8174CDAB583}
		{013C1447-FAA2-4C24-B4BD-D1C697EC9F07} = {53EC25B7-0465-4780-8705-D8174CDAB583}
		{4CEAB33D-ABBE-4AC5-B3BC-AB0748915744} = {53EC25B7-0465-4780-8705-D8174CDAB583}
		{D919EB81-327B-4A2B-8706-DA23FD8FC7C6} = {53EC25B7-0465-4780-8705-D8174CDAB583}
		{DC39CF60-76A8-4EE4-82BB-BF293A8BA06B} = {53EC25B7-0465-4780-8705-D8174CDAB583}
		{FCAE89DC-06A6-4E56-871E-5931DBF81405} = {53EC25B7-0465-4780-8705-D8174CDAB583}
	EndGlobalSection
EndGlobal
